
Microsoft Visual Studio Solution File, Format Version 12.00
# Visual Studio Version 16
VisualStudioVersion = 16.0.31313.79
MinimumVisualStudioVersion = 10.0.40219.1
Project("{FAE04EC0-301F-11D3-BF4B-00C04F79EFBC}") = "Application", "SEOApplication\Application.csproj", "{319D1CFE-D56F-4CF3-807D-47B855C446DF}"
EndProject
Project("{FAE04EC0-301F-11D3-BF4B-00C04F79EFBC}") = "SEOApplication.Tests", "SEOApplication.Tests\SEOApplication.Tests.csproj", "{67843B55-38BD-425D-BFE4-3BD08344448B}"
EndProject
Project("{9A19103F-16F7-4668-BE54-9A1E7A4F7556}") = "SEOApplication.Infrastructure", "SEOApplication.Infrastructure\SEOApplication.Infrastructure.csproj", "{4D635703-0760-4FBD-B4E0-1F905636400D}"
EndProject
Project("{9A19103F-16F7-4668-BE54-9A1E7A4F7556}") = "SEOApplication.Application", "SEOApplication.Application\SEOApplication.Application.csproj", "{0E843AC8-CC9E-40C6-AE70-5B9C624C282B}"
EndProject
Project("{9A19103F-16F7-4668-BE54-9A1E7A4F7556}") = "SEOApplication.Domain", "SEOApplication.Domain\SEOApplication.Domain.csproj", "{1B134A07-9E0B-48ED-A571-C84EB3F7919C}"
EndProject
Global
	GlobalSection(SolutionConfigurationPlatforms) = preSolution
		Debug|Any CPU = Debug|Any CPU
		Release|Any CPU = Release|Any CPU
	EndGlobalSection
	GlobalSection(ProjectConfigurationPlatforms) = postSolution
		{319D1CFE-D56F-4CF3-807D-47B855C446DF}.Debug|Any CPU.ActiveCfg = Debug|Any CPU
		{319D1CFE-D56F-4CF3-807D-47B855C446DF}.Debug|Any CPU.Build.0 = Debug|Any CPU
		{319D1CFE-D56F-4CF3-807D-47B855C446DF}.Release|Any CPU.ActiveCfg = Release|Any CPU
		{319D1CFE-D56F-4CF3-807D-47B855C446DF}.Release|Any CPU.Build.0 = Release|Any CPU
		{67843B55-38BD-425D-BFE4-3BD08344448B}.Debug|Any CPU.ActiveCfg = Debug|Any CPU
		{67843B55-38BD-425D-BFE4-3BD08344448B}.Debug|Any CPU.Build.0 = Debug|Any CPU
		{67843B55-38BD-425D-BFE4-3BD08344448B}.Release|Any CPU.ActiveCfg = Release|Any CPU
		{67843B55-38BD-425D-BFE4-3BD08344448B}.Release|Any CPU.Build.0 = Release|Any CPU
		{4D635703-0760-4FBD-B4E0-1F905636400D}.Debug|Any CPU.ActiveCfg = Debug|Any CPU
		{4D635703-0760-4FBD-B4E0-1F905636400D}.Debug|Any CPU.Build.0 = Debug|Any CPU
		{4D635703-0760-4FBD-B4E0-1F905636400D}.Release|Any CPU.ActiveCfg = Release|Any CPU
		{4D635703-0760-4FBD-B4E0-1F905636400D}.Release|Any CPU.Build.0 = Release|Any CPU
		{0E843AC8-CC9E-40C6-AE70-5B9C624C282B}.Debug|Any CPU.ActiveCfg = Debug|Any CPU
		{0E843AC8-CC9E-40C6-AE70-5B9C624C282B}.Debug|Any CPU.Build.0 = Debug|Any CPU
		{0E843AC8-CC9E-40C6-AE70-5B9C624C282B}.Release|Any CPU.ActiveCfg = Release|Any CPU
		{0E843AC8-CC9E-40C6-AE70-5B9C624C282B}.Release|Any CPU.Build.0 = Release|Any CPU
		{1B134A07-9E0B-48ED-A571-C84EB3F7919C}.Debug|Any CPU.ActiveCfg = Debug|Any CPU
		{1B134A07-9E0B-48ED-A571-C84EB3F7919C}.Debug|Any CPU.Build.0 = Debug|Any CPU
		{1B134A07-9E0B-48ED-A571-C84EB3F7919C}.Release|Any CPU.ActiveCfg = Release|Any CPU
		{1B134A07-9E0B-48ED-A571-C84EB3F7919C}.Release|Any CPU.Build.0 = Release|Any CPU
	EndGlobalSection
	GlobalSection(SolutionProperties) = preSolution
		HideSolutionNode = FALSE
	EndGlobalSection
	GlobalSection(ExtensibilityGlobals) = postSolution
		SolutionGuid = {345A3D12-34F6-45C2-AF5F-75908C2C1CBC}
	EndGlobalSection
EndGlobal
